
Microsoft Visual Studio Solution File, Format Version 12.00
# Visual Studio Version 18
VisualStudioVersion = 18.0.0.0
MinimumVisualStudioVersion = 10.0.40219.1
Project("{FAE04EC0-301F-11D3-BF4B-00C04F79EFBC}") = "Haven.Core", "src\Haven.Core\Haven.Core.csproj", "{6D0F473D-BD52-4C4A-AB7A-C5F6A5D52F01}"
EndProject
Project("{FAE04EC0-301F-11D3-BF4B-00C04F79EFBC}") = "Haven.Application", "src\Haven.Application\Haven.Application.csproj", "{6D0F473D-BD52-4C4A-AB7A-C5F6A5D52F02}"
EndProject
Project("{FAE04EC0-301F-11D3-BF4B-00C04F79EFBC}") = "Haven.Infrastructure", "src\Haven.Infrastructure\Haven.Infrastructure.csproj", "{6D0F473D-BD52-4C4A-AB7A-C5F6A5D52F03}"
EndProject
Project("{FAE04EC0-301F-11D3-BF4B-00C04F79EFBC}") = "Haven.Browser", "src\Haven.Browser\Haven.Browser.csproj", "{6D0F473D-BD52-4C4A-AB7A-C5F6A5D52F04}"
EndProject
Project("{FAE04EC0-301F-11D3-BF4B-00C04F79EFBC}") = "Haven.UI", "src\Haven.UI\Haven.UI.csproj", "{6D0F473D-BD52-4C4A-AB7A-C5F6A5D52F05}"
EndProject
Project("{FAE04EC0-301F-11D3-BF4B-00C04F79EFBC}") = "Haven.Desktop", "src\Haven.Desktop\Haven.Desktop.csproj", "{6D0F473D-BD52-4C4A-AB7A-C5F6A5D52F07}"
EndProject
Project("{FAE04EC0-301F-11D3-BF4B-00C04F79EFBC}") = "Haven.Core.Tests", "tests\Haven.Core.Tests\Haven.Core.Tests.csproj", "{6D0F473D-BD52-4C4A-AB7A-C5F6A5D52F08}"
EndProject
Project("{FAE04EC0-301F-11D3-BF4B-00C04F79EFBC}") = "Haven.Infrastructure.Tests", "tests\Haven.Infrastructure.Tests\Haven.Infrastructure.Tests.csproj", "{6D0F473D-BD52-4C4A-AB7A-C5F6A5D52F09}"
EndProject
Project("{FAE04EC0-301F-11D3-BF4B-00C04F79EFBC}") = "Haven.Desktop.Tests", "tests\Haven.Desktop.Tests\Haven.Desktop.Tests.csproj", "{6D0F473D-BD52-4C4A-AB7A-C5F6A5D52F0A}"
EndProject
Project("{FAE04EC0-301F-11D3-BF4B-00C04F79EFBC}") = "Haven.UI.Tests", "tests\Haven.UI.Tests\Haven.UI.Tests.csproj", "{6D0F473D-BD52-4C4A-AB7A-C5F6A5D52F0B}"
EndProject
Project("{FAE04EC0-301F-11D3-BF4B-00C04F79EFBC}") = "Haven.Android", "src\Haven.Android\Haven.Android.csproj", "{8645F0DB-F54C-43CE-82F1-1290F4CE8503}"
EndProject
Project("{2150E333-8FDC-42A3-9474-1A3956D46DE8}") = "tests", "tests", "{0AB3BF05-4346-4AA6-1389-037BE0695223}"
EndProject
Project("{FAE04EC0-301F-11D3-BF4B-00C04F79EFBC}") = "Haven.PluginFixture", "tests\Haven.PluginFixture\Haven.PluginFixture.csproj", "{65392130-A591-4A07-BB25-78CEE92CE9D3}"
EndProject
Project("{2150E333-8FDC-42A3-9474-1A3956D46DE8}") = "src", "src", "{827E0CD3-B72D-47B6-A68D-7590B98EB39B}"
EndProject
Project("{FAE04EC0-301F-11D3-BF4B-00C04F79EFBC}") = "Haven.Connector", "src\Haven.Connector\Haven.Connector.csproj", "{DED06BCF-9A88-4487-81D4-069381371958}"
EndProject
Global
	GlobalSection(SolutionConfigurationPlatforms) = preSolution
		Debug|Any CPU = Debug|Any CPU
		Debug|x64 = Debug|x64
		Debug|x86 = Debug|x86
		Release|Any CPU = Release|Any CPU
		Release|x64 = Release|x64
		Release|x86 = Release|x86
	EndGlobalSection
	GlobalSection(ProjectConfigurationPlatforms) = postSolution
		{6D0F473D-BD52-4C4A-AB7A-C5F6A5D52F01}.Debug|Any CPU.ActiveCfg = Debug|Any CPU
		{6D0F473D-BD52-4C4A-AB7A-C5F6A5D52F01}.Debug|Any CPU.Build.0 = Debug|Any CPU
		{6D0F473D-BD52-4C4A-AB7A-C5F6A5D52F01}.Debug|x64.ActiveCfg = Debug|Any CPU
		{6D0F473D-BD52-4C4A-AB7A-C5F6A5D52F01}.Debug|x64.Build.0 = Debug|Any CPU
		{6D0F473D-BD52-4C4A-AB7A-C5F6A5D52F01}.Debug|x86.ActiveCfg = Debug|Any CPU
		{6D0F473D-BD52-4C4A-AB7A-C5F6A5D52F01}.Debug|x86.Build.0 = Debug|Any CPU
		{6D0F473D-BD52-4C4A-AB7A-C5F6A5D52F01}.Release|Any CPU.ActiveCfg = Release|Any CPU
		{6D0F473D-BD52-4C4A-AB7A-C5F6A5D52F01}.Release|Any CPU.Build.0 = Release|Any CPU
		{6D0F473D-BD52-4C4A-AB7A-C5F6A5D52F01}.Release|x64.ActiveCfg = Release|Any CPU
		{6D0F473D-BD52-4C4A-AB7A-C5F6A5D52F01}.Release|x64.Build.0 = Release|Any CPU
		{6D0F473D-BD52-4C4A-AB7A-C5F6A5D52F01}.Release|x86.ActiveCfg = Release|Any CPU
		{6D0F473D-BD52-4C4A-AB7A-C5F6A5D52F01}.Release|x86.Build.0 = Release|Any CPU
		{6D0F473D-BD52-4C4A-AB7A-C5F6A5D52F02}.Debug|Any CPU.ActiveCfg = Debug|Any CPU
		{6D0F473D-BD52-4C4A-AB7A-C5F6A5D52F02}.Debug|Any CPU.Build.0 = Debug|Any CPU
		{6D0F473D-BD52-4C4A-AB7A-C5F6A5D52F02}.Debug|x64.ActiveCfg = Debug|x64
		{6D0F473D-BD52-4C4A-AB7A-C5F6A5D52F02}.Debug|x64.Build.0 = Debug|x64
		{6D0F473D-BD52-4C4A-AB7A-C5F6A5D52F02}.Debug|x86.ActiveCfg = Debug|Any CPU
		{6D0F473D-BD52-4C4A-AB7A-C5F6A5D52F02}.Debug|x86.Build.0 = Debug|Any CPU
		{6D0F473D-BD52-4C4A-AB7A-C5F6A5D52F02}.Release|Any CPU.ActiveCfg = Release|Any CPU
		{6D0F473D-BD52-4C4A-AB7A-C5F6A5D52F02}.Release|Any CPU.Build.0 = Release|Any CPU
		{6D0F473D-BD52-4C4A-AB7A-C5F6A5D52F02}.Release|x64.ActiveCfg = Release|Any CPU
		{6D0F473D-BD52-4C4A-AB7A-C5F6A5D52F02}.Release|x64.Build.0 = Release|Any CPU
		{6D0F473D-BD52-4C4A-AB7A-C5F6A5D52F02}.Release|x86.ActiveCfg = Release|Any CPU
		{6D0F473D-BD52-4C4A-AB7A-C5F6A5D52F02}.Release|x86.Build.0 = Release|Any CPU
		{6D0F473D-BD52-4C4A-AB7A-C5F6A5D52F03}.Debug|Any CPU.ActiveCfg = Debug|Any CPU
		{6D0F473D-BD52-4C4A-AB7A-C5F6A5D52F03}.Debug|Any CPU.Build.0 = Debug|Any CPU
		{6D0F473D-BD52-4C4A-AB7A-C5F6A5D52F03}.Debug|x64.ActiveCfg = Debug|Any CPU
		{6D0F473D-BD52-4C4A-AB7A-C5F6A5D52F03}.Debug|x64.Build.0 = Debug|Any CPU
		{6D0F473D-BD52-4C4A-AB7A-C5F6A5D52F03}.Debug|x86.ActiveCfg = Debug|Any CPU
		{6D0F473D-BD52-4C4A-AB7A-C5F6A5D52F03}.Debug|x86.Build.0 = Debug|Any CPU
		{6D0F473D-BD52-4C4A-AB7A-C5F6A5D52F03}.Release|Any CPU.ActiveCfg = Release|Any CPU
		{6D0F473D-BD52-4C4A-AB7A-C5F6A5D52F03}.Release|Any CPU.Build.0 = Release|Any CPU
		{6D0F473D-BD52-4C4A-AB7A-C5F6A5D52F03}.Release|x64.ActiveCfg = Release|Any CPU
		{6D0F473D-BD52-4C4A-AB7A-C5F6A5D52F03}.Release|x64.Build.0 = Release|Any CPU
		{6D0F473D-BD52-4C4A-AB7A-C5F6A5D52F03}.Release|x86.ActiveCfg = Release|Any CPU
		{6D0F473D-BD52-4C4A-AB7A-C5F6A5D52F03}.Release|x86.Build.0 = Release|Any CPU
		{6D0F473D-BD52-4C4A-AB7A-C5F6A5D52F04}.Debug|Any CPU.ActiveCfg = Debug|Any CPU
		{6D0F473D-BD52-4C4A-AB7A-C5F6A5D52F04}.Debug|Any CPU.Build.0 = Debug|Any CPU
		{6D0F473D-BD52-4C4A-AB7A-C5F6A5D52F04}.Debug|x64.ActiveCfg = Debug|Any CPU
		{6D0F473D-BD52-4C4A-AB7A-C5F6A5D52F04}.Debug|x64.Build.0 = Debug|Any CPU
		{6D0F473D-BD52-4C4A-AB7A-C5F6A5D52F04}.Debug|x86.ActiveCfg = Debug|Any CPU
		{6D0F473D-BD52-4C4A-AB7A-C5F6A5D52F04}.Debug|x86.Build.0 = Debug|Any CPU
		{6D0F473D-BD52-4C4A-AB7A-C5F6A5D52F04}.Release|Any CPU.ActiveCfg = Release|Any CPU
		{6D0F473D-BD52-4C4A-AB7A-C5F6A5D52F04}.Release|Any CPU.Build.0 = Release|Any CPU
		{6D0F473D-BD52-4C4A-AB7A-C5F6A5D52F04}.Release|x64.ActiveCfg = Release|Any CPU
		{6D0F473D-BD52-4C4A-AB7A-C5F6A5D52F04}.Release|x64.Build.0 = Release|Any CPU
		{6D0F473D-BD52-4C4A-AB7A-C5F6A5D52F04}.Release|x86.ActiveCfg = Release|Any CPU
		{6D0F473D-BD52-4C4A-AB7A-C5F6A5D52F04}.Release|x86.Build.0 = Release|Any CPU
		{6D0F473D-BD52-4C4A-AB7A-C5F6A5D52F05}.Debug|Any CPU.ActiveCfg = Debug|Any CPU
		{6D0F473D-BD52-4C4A-AB7A-C5F6A5D52F05}.Debug|Any CPU.Build.0 = Debug|Any CPU
		{6D0F473D-BD52-4C4A-AB7A-C5F6A5D52F05}.Debug|x64.ActiveCfg = Debug|Any CPU
		{6D0F473D-BD52-4C4A-AB7A-C5F6A5D52F05}.Debug|x64.Build.0 = Debug|Any CPU
		{6D0F473D-BD52-4C4A-AB7A-C5F6A5D52F05}.Debug|x86.ActiveCfg = Debug|Any CPU
		{6D0F473D-BD52-4C4A-AB7A-C5F6A5D52F05}.Debug|x86.Build.0 = Debug|Any CPU
		{6D0F473D-BD52-4C4A-AB7A-C5F6A5D52F05}.Release|Any CPU.ActiveCfg = Release|Any CPU
		{6D0F473D-BD52-4C4A-AB7A-C5F6A5D52F05}.Release|Any CPU.Build.0 = Release|Any CPU
		{6D0F473D-BD52-4C4A-AB7A-C5F6A5D52F05}.Release|x64.ActiveCfg = Release|Any CPU
		{6D0F473D-BD52-4C4A-AB7A-C5F6A5D52F05}.Release|x64.Build.0 = Release|Any CPU
		{6D0F473D-BD52-4C4A-AB7A-C5F6A5D52F05}.Release|x86.ActiveCfg = Release|Any CPU
		{6D0F473D-BD52-4C4A-AB7A-C5F6A5D52F05}.Release|x86.Build.0 = Release|Any CPU
		{6D0F473D-BD52-4C4A-AB7A-C5F6A5D52F07}.Debug|Any CPU.ActiveCfg = Debug|x64
		{6D0F473D-BD52-4C4A-AB7A-C5F6A5D52F07}.Debug|Any CPU.Build.0 = Debug|x64
		{6D0F473D-BD52-4C4A-AB7A-C5F6A5D52F07}.Debug|x64.ActiveCfg = Debug|Any CPU
		{6D0F473D-BD52-4C4A-AB7A-C5F6A5D52F07}.Debug|x64.Build.0 = Debug|Any CPU
		{6D0F473D-BD52-4C4A-AB7A-C5F6A5D52F07}.Debug|x86.ActiveCfg = Debug|Any CPU
		{6D0F473D-BD52-4C4A-AB7A-C5F6A5D52F07}.Debug|x86.Build.0 = Debug|Any CPU
		{6D0F473D-BD52-4C4A-AB7A-C5F6A5D52F07}.Release|Any CPU.ActiveCfg = Release|x64
		{6D0F473D-BD52-4C4A-AB7A-C5F6A5D52F07}.Release|Any CPU.Build.0 = Release|x64
		{6D0F473D-BD52-4C4A-AB7A-C5F6A5D52F07}.Release|x64.ActiveCfg = Release|Any CPU
		{6D0F473D-BD52-4C4A-AB7A-C5F6A5D52F07}.Release|x64.Build.0 = Release|Any CPU
		{6D0F473D-BD52-4C4A-AB7A-C5F6A5D52F07}.Release|x86.ActiveCfg = Release|Any CPU
		{6D0F473D-BD52-4C4A-AB7A-C5F6A5D52F07}.Release|x86.Build.0 = Release|Any CPU
		{6D0F473D-BD52-4C4A-AB7A-C5F6A5D52F08}.Debug|Any CPU.ActiveCfg = Debug|Any CPU
		{6D0F473D-BD52-4C4A-AB7A-C5F6A5D52F08}.Debug|Any CPU.Build.0 = Debug|Any CPU
		{6D0F473D-BD52-4C4A-AB7A-C5F6A5D52F08}.Debug|x64.ActiveCfg = Debug|Any CPU
		{6D0F473D-BD52-4C4A-AB7A-C5F6A5D52F08}.Debug|x64.Build.0 = Debug|Any CPU
		{6D0F473D-BD52-4C4A-AB7A-C5F6A5D52F08}.Debug|x86.ActiveCfg = Debug|Any CPU
		{6D0F473D-BD52-4C4A-AB7A-C5F6A5D52F08}.Debug|x86.Build.0 = Debug|Any CPU
		{6D0F473D-BD52-4C4A-AB7A-C5F6A5D52F08}.Release|Any CPU.ActiveCfg = Release|Any CPU
		{6D0F473D-BD52-4C4A-AB7A-C5F6A5D52F08}.Release|Any CPU.Build.0 = Release|Any CPU
		{6D0F473D-BD52-4C4A-AB7A-C5F6A5D52F08}.Release|x64.ActiveCfg = Release|Any CPU
		{6D0F473D-BD52-4C4A-AB7A-C5F6A5D52F08}.Release|x64.Build.0 = Release|Any CPU
		{6D0F473D-BD52-4C4A-AB7A-C5F6A5D52F08}.Release|x86.ActiveCfg = Release|Any CPU
		{6D0F473D-BD52-4C4A-AB7A-C5F6A5D52F08}.Release|x86.Build.0 = Release|Any CPU
		{6D0F473D-BD52-4C4A-AB7A-C5F6A5D52F09}.Debug|Any CPU.ActiveCfg = Debug|Any CPU
		{6D0F473D-BD52-4C4A-AB7A-C5F6A5D52F09}.Debug|Any CPU.Build.0 = Debug|Any CPU
		{6D0F473D-BD52-4C4A-AB7A-C5F6A5D52F09}.Debug|x64.ActiveCfg = Debug|Any CPU
		{6D0F473D-BD52-4C4A-AB7A-C5F6A5D52F09}.Debug|x64.Build.0 = Debug|Any CPU
		{6D0F473D-BD52-4C4A-AB7A-C5F6A5D52F09}.Debug|x86.ActiveCfg = Debug|Any CPU
		{6D0F473D-BD52-4C4A-AB7A-C5F6A5D52F09}.Debug|x86.Build.0 = Debug|Any CPU
		{6D0F473D-BD52-4C4A-AB7A-C5F6A5D52F09}.Release|Any CPU.ActiveCfg = Release|Any CPU
		{6D0F473D-BD52-4C4A-AB7A-C5F6A5D52F09}.Release|Any CPU.Build.0 = Release|Any CPU
		{6D0F473D-BD52-4C4A-AB7A-C5F6A5D52F09}.Release|x64.ActiveCfg = Release|Any CPU
		{6D0F473D-BD52-4C4A-AB7A-C5F6A5D52F09}.Release|x64.Build.0 = Release|Any CPU
		{6D0F473D-BD52-4C4A-AB7A-C5F6A5D52F09}.Release|x86.ActiveCfg = Release|Any CPU
		{6D0F473D-BD52-4C4A-AB7A-C5F6A5D52F09}.Release|x86.Build.0 = Release|Any CPU
		{6D0F473D-BD52-4C4A-AB7A-C5F6A5D52F0A}.Debug|Any CPU.ActiveCfg = Debug|x64
		{6D0F473D-BD52-4C4A-AB7A-C5F6A5D52F0A}.Debug|Any CPU.Build.0 = Debug|x64
		{6D0F473D-BD52-4C4A-AB7A-C5F6A5D52F0A}.Debug|x64.ActiveCfg = Debug|Any CPU
		{6D0F473D-BD52-4C4A-AB7A-C5F6A5D52F0A}.Debug|x64.Build.0 = Debug|Any CPU
		{6D0F473D-BD52-4C4A-AB7A-C5F6A5D52F0A}.Debug|x86.ActiveCfg = Debug|Any CPU
		{6D0F473D-BD52-4C4A-AB7A-C5F6A5D52F0A}.Debug|x86.Build.0 = Debug|Any CPU
		{6D0F473D-BD52-4C4A-AB7A-C5F6A5D52F0A}.Release|Any CPU.ActiveCfg = Release|x64
		{6D0F473D-BD52-4C4A-AB7A-C5F6A5D52F0A}.Release|Any CPU.Build.0 = Release|x64
		{6D0F473D-BD52-4C4A-AB7A-C5F6A5D52F0A}.Release|x64.ActiveCfg = Release|Any CPU
		{6D0F473D-BD52-4C4A-AB7A-C5F6A5D52F0A}.Release|x64.Build.0 = Release|Any CPU
		{6D0F473D-BD52-4C4A-AB7A-C5F6A5D52F0A}.Release|x86.ActiveCfg = Release|Any CPU
		{6D0F473D-BD52-4C4A-AB7A-C5F6A5D52F0A}.Release|x86.Build.0 = Release|Any CPU
		{6D0F473D-BD52-4C4A-AB7A-C5F6A5D52F0B}.Debug|Any CPU.ActiveCfg = Debug|Any CPU
		{6D0F473D-BD52-4C4A-AB7A-C5F6A5D52F0B}.Debug|Any CPU.Build.0 = Debug|Any CPU
		{6D0F473D-BD52-4C4A-AB7A-C5F6A5D52F0B}.Debug|x64.ActiveCfg = Debug|Any CPU
		{6D0F473D-BD52-4C4A-AB7A-C5F6A5D52F0B}.Debug|x64.Build.0 = Debug|Any CPU
		{6D0F473D-BD52-4C4A-AB7A-C5F6A5D52F0B}.Debug|x86.ActiveCfg = Debug|Any CPU
		{6D0F473D-BD52-4C4A-AB7A-C5F6A5D52F0B}.Debug|x86.Build.0 = Debug|Any CPU
		{6D0F473D-BD52-4C4A-AB7A-C5F6A5D52F0B}.Release|Any CPU.ActiveCfg = Release|Any CPU
		{6D0F473D-BD52-4C4A-AB7A-C5F6A5D52F0B}.Release|Any CPU.Build.0 = Release|Any CPU
		{6D0F473D-BD52-4C4A-AB7A-C5F6A5D52F0B}.Release|x64.ActiveCfg = Release|Any CPU
		{6D0F473D-BD52-4C4A-AB7A-C5F6A5D52F0B}.Release|x64.Build.0 = Release|Any CPU
		{6D0F473D-BD52-4C4A-AB7A-C5F6A5D52F0B}.Release|x86.ActiveCfg = Release|Any CPU
		{6D0F473D-BD52-4C4A-AB7A-C5F6A5D52F0B}.Release|x86.Build.0 = Release|Any CPU
		{8645F0DB-F54C-43CE-82F1-1290F4CE8503}.Debug|Any CPU.ActiveCfg = Debug|Any CPU
		{8645F0DB-F54C-43CE-82F1-1290F4CE8503}.Debug|Any CPU.Build.0 = Debug|Any CPU
		{8645F0DB-F54C-43CE-82F1-1290F4CE8503}.Debug|x64.ActiveCfg = Debug|Any CPU
		{8645F0DB-F54C-43CE-82F1-1290F4CE8503}.Debug|x64.Build.0 = Debug|Any CPU
		{8645F0DB-F54C-43CE-82F1-1290F4CE8503}.Debug|x64.Deploy.0 = Debug|Any CPU
		{8645F0DB-F54C-43CE-82F1-1290F4CE8503}.Debug|x86.ActiveCfg = Debug|Any CPU
		{8645F0DB-F54C-43CE-82F1-1290F4CE8503}.Debug|x86.Build.0 = Debug|Any CPU
		{8645F0DB-F54C-43CE-82F1-1290F4CE8503}.Release|Any CPU.ActiveCfg = Release|Any CPU
		{8645F0DB-F54C-43CE-82F1-1290F4CE8503}.Release|Any CPU.Build.0 = Release|Any CPU
		{8645F0DB-F54C-43CE-82F1-1290F4CE8503}.Release|x64.ActiveCfg = Release|Any CPU
		{8645F0DB-F54C-43CE-82F1-1290F4CE8503}.Release|x64.Build.0 = Release|Any CPU
		{8645F0DB-F54C-43CE-82F1-1290F4CE8503}.Release|x86.ActiveCfg = Release|Any CPU
		{8645F0DB-F54C-43CE-82F1-1290F4CE8503}.Release|x86.Build.0 = Release|Any CPU
		{65392130-A591-4A07-BB25-78CEE92CE9D3}.Debug|Any CPU.ActiveCfg = Debug|Any CPU
		{65392130-A591-4A07-BB25-78CEE92CE9D3}.Debug|Any CPU.Build.0 = Debug|Any CPU
		{65392130-A591-4A07-BB25-78CEE92CE9D3}.Debug|x64.ActiveCfg = Debug|Any CPU
		{65392130-A591-4A07-BB25-78CEE92CE9D3}.Debug|x64.Build.0 = Debug|Any CPU
		{65392130-A591-4A07-BB25-78CEE92CE9D3}.Debug|x86.ActiveCfg = Debug|Any CPU
		{65392130-A591-4A07-BB25-78CEE92CE9D3}.Debug|x86.Build.0 = Debug|Any CPU
		{65392130-A591-4A07-BB25-78CEE92CE9D3}.Release|Any CPU.ActiveCfg = Release|Any CPU
		{65392130-A591-4A07-BB25-78CEE92CE9D3}.Release|Any CPU.Build.0 = Release|Any CPU
		{65392130-A591-4A07-BB25-78CEE92CE9D3}.Release|x64.ActiveCfg = Release|Any CPU
		{65392130-A591-4A07-BB25-78CEE92CE9D3}.Release|x64.Build.0 = Release|Any CPU
		{65392130-A591-4A07-BB25-78CEE92CE9D3}.Release|x86.ActiveCfg = Release|Any CPU
		{65392130-A591-4A07-BB25-78CEE92CE9D3}.Release|x86.Build.0 = Release|Any CPU
		{DED06BCF-9A88-4487-81D4-069381371958}.Debug|Any CPU.ActiveCfg = Debug|x64
		{DED06BCF-9A88-4487-81D4-069381371958}.Debug|Any CPU.Build.0 = Debug|x64
		{DED06BCF-9A88-4487-81D4-069381371958}.Debug|x64.ActiveCfg = Debug|x64
		{DED06BCF-9A88-4487-81D4-069381371958}.Debug|x64.Build.0 = Debug|x64
		{DED06BCF-9A88-4487-81D4-069381371958}.Debug|x86.ActiveCfg = Debug|x64
		{DED06BCF-9A88-4487-81D4-069381371958}.Debug|x86.Build.0 = Debug|x64
		{DED06BCF-9A88-4487-81D4-069381371958}.Release|Any CPU.ActiveCfg = Release|x64
		{DED06BCF-9A88-4487-81D4-069381371958}.Release|Any CPU.Build.0 = Release|x64
		{DED06BCF-9A88-4487-81D4-069381371958}.Release|x64.ActiveCfg = Release|x64
		{DED06BCF-9A88-4487-81D4-069381371958}.Release|x64.Build.0 = Release|x64
		{DED06BCF-9A88-4487-81D4-069381371958}.Release|x86.ActiveCfg = Release|x64
		{DED06BCF-9A88-4487-81D4-069381371958}.Release|x86.Build.0 = Release|x64
	EndGlobalSection
	GlobalSection(SolutionProperties) = preSolution
		HideSolutionNode = FALSE
	EndGlobalSection
	GlobalSection(NestedProjects) = preSolution
		{65392130-A591-4A07-BB25-78CEE92CE9D3} = {0AB3BF05-4346-4AA6-1389-037BE0695223}
		{DED06BCF-9A88-4487-81D4-069381371958} = {827E0CD3-B72D-47B6-A68D-7590B98EB39B}
	EndGlobalSection
	GlobalSection(ExtensibilityGlobals) = postSolution
		SolutionGuid = {6A6AC859-BF50-44EB-9456-A1478D627263}
	EndGlobalSection
EndGlobal
